<Solution>
  <Project Path="../../../../../../OneDrive/Imágenes/Documentos/IMPORTANTES/CursoDeC-Sharp/Delegates/Delegates/Delegates/Delegates.csproj" />
  <Project Path="../../../../../../OneDrive/Imágenes/Documentos/IMPORTANTES/CursoDeC-Sharp/Delegates/Delegates/MetodosAnonimos/MetodosAnonimos.csproj" Id="89bac8e0-901c-43da-9c3f-571be18a5255" />
  <Project Path="../../../../../../OneDrive/Imágenes/Documentos/IMPORTANTES/CursoDeC-Sharp/Delegates/Delegates/MulticastDelegates/MulticastDelegates.csproj" Id="d8cc430c-67b6-452d-9b12-53bfe11a91d4" />
  <Project Path="DelegatesFunc/DelegatesFunc.csproj" Id="8e4be99b-bc35-4233-9089-3ce8a403363a" />
  <Project Path="Eventos/Eventos.csproj" Id="4160dbca-8e28-4ac7-927f-d3c4b7fd6d3b" />
  <Project Path="Exercicio/Exercicio.csproj" Id="e01ac4cc-7cb5-4745-b906-2f12abaa5ec4" />
  <Project Path="Exercicio2/Exercicio2.csproj" Id="b6fd1559-e794-455b-8f46-e2c375512c1f" />
  <Project Path="Lambda/Lambda.csproj" Id="110e07fb-47a3-4413-bd1b-356108f49da2" />
  <Project Path="Linq_Primeira_Parte/Linq_Primeira_Parte.csproj" Id="40c833e7-4002-42aa-a6a3-dc56fca94ee3" />
  <Project Path="MetodosDeExtensao/MetodosDeExtensao.csproj" Id="27297ab8-8ee1-4dfa-8037-6f723fa189a1" />
  <Project Path="ProjetoListaComDelegates/ProjetoListaComDelegates.csproj" Id="09b814a9-33ee-48c6-b36d-2629a2b15672" />
</Solution>
