<Solution>
  <Project Path="../../../../../../OneDrive/Imágenes/Documentos/IMPORTANTES/CursoDeC-Sharp/ArquivosDiretorios/ArquivosDiretoriosStreams/ArquivosDiretoriosStreams/ArquivosDiretoriosStreams.csproj" />
  <Project Path="../../../../../../OneDrive/Imágenes/Documentos/IMPORTANTES/CursoDeC-Sharp/ArquivosDiretorios/ArquivosDiretoriosStreams/ClassPath/ClassPath.csproj" Id="a3506d03-a93b-4a0c-a57a-98e035b6c5e8" />
  <Project Path="../../../../../../OneDrive/Imágenes/Documentos/IMPORTANTES/CursoDeC-Sharp/ArquivosDiretorios/ArquivosDiretoriosStreams/DirectoryEDirectoryInfo/DirectoryEDirectoryInfo.csproj" Id="de8f7489-2dc1-476e-b63c-fb30072df361" />
  <Project Path="../../../../../../OneDrive/Imágenes/Documentos/IMPORTANTES/CursoDeC-Sharp/ArquivosDiretorios/ArquivosDiretoriosStreams/DirectoryInfo/DirectoryInfo.csproj" Id="9de99574-805d-42b2-8c01-d3b06568df91" />
  <Project Path="../../../../../../OneDrive/Imágenes/Documentos/IMPORTANTES/CursoDeC-Sharp/ArquivosDiretorios/ArquivosDiretoriosStreams/FileInfo/FileInfo.csproj" Id="bd937d09-b8b2-4f20-8710-425c8bf3610c" />
  <Project Path="../../../../../../OneDrive/Imágenes/Documentos/IMPORTANTES/CursoDeC-Sharp/ArquivosDiretorios/ArquivosDiretoriosStreams/MetodosPath/MetodosPath.csproj" Id="06cd1793-3b1f-4a6a-bb71-8ba31a5686d7" />
</Solution>
