<Solution>
  <Project Path="GithubModelsDemo/GithubModelsDemo.csproj" Id="165bc31e-c0b0-493a-96b8-f97c023befc9" />
  <Project Path="IA_Financas/IA_Financas.csproj" Id="196ec714-1648-44b9-b43d-0bbc2682a0dc" />
  <Project Path="ProjetoComIA/ProjetoComIA.csproj" />
  <Project Path="RAG/RAG.csproj" Id="77122025-365d-4641-82a2-37293b9ed8fd" />
</Solution>
