<Solution>
  <Project Path="Cancelamento/Cancelamento.csproj" Id="acbd3fe0-66d1-46b4-9110-5dae0384d6ab" />
  <Project Path="ProgramacaoAssincrona/ProgramacaoAssincrona.csproj" />
  <Project Path="TratamentoDeExcecoes/TratamentoDeExcecoes.csproj" Id="bdabb129-140b-46e5-a548-14d5a91bcc1a" />
  <Project Path="ValueTaskEValueTaskDeT/ValueTaskEValueTaskDeT.csproj" Id="165d3994-82aa-4bf1-809f-589b0754717d" />
</Solution>
