<Solution>
  <Project Path="ConversaoDeTipos/ConversaoDeTipos.csproj" Id="afbd90aa-a28c-4c8c-8e85-7304fb7fc9ce" />
  <Project Path="DataEHora/DataEHora.csproj" Id="254ba3b6-e787-4eae-a520-31c1e79d5a90" />
  <Project Path="EntradaDeDados/EntradaDeDados.csproj" Id="7081fabb-84a1-400f-b371-122a6ac3e5d9" />
  <Project Path="Identificadores/Identificadores.csproj" Id="89945441-d504-409b-ae66-b7285f6a25b5" />
  <Project Path="NullableTypes/NullableTypes.csproj" Id="0643f73e-39d0-4556-bc98-ecc6290d1d61" />
  <Project Path="TiposDeDados1/TiposDeDados1.csproj" />
  <Project Path="TiposDeDados2/TiposDeDados2.csproj" Id="603a2618-f46c-40fe-830b-1ef46498fe76" />
</Solution>
