<Solution>
  <Project Path="HerancaConstrutores/HerancaConstrutores.csproj" Id="de872080-fce3-42be-bcfb-d090845fa17a" />
  <Project Path="HerancasComportamentos/HerancasComportamentos.csproj" Id="6a1b9adb-5c38-494c-8737-83eafdd5e0c9" />
  <Project Path="ProgramaçãoOrientadaAObjetoss/ProgramaçãoOrientadaAObjetoss.csproj" />
</Solution>
